
Microsoft Visual Studio Solution File, Format Version 11.00
# Visual Studio 2010
Project("{FAE04EC0-301F-11D3-BF4B-00C04F79EFBC}") = "Assembly-CSharp", "Assembly-CSharp.csproj", "{B826A7F8-B555-D7AE-B159-CF5D45524F23}"
EndProject
Project("{FAE04EC0-301F-11D3-BF4B-00C04F79EFBC}") = "Assembly-CSharp-Editor", "Assembly-CSharp-Editor.csproj", "{2B58FA92-5E15-E2F0-E016-5BE6F3B51FC0}"
EndProject
Global
	GlobalSection(SolutionConfigurationPlatforms) = preSolution
		Debug|Any CPU = Debug|Any CPU
		Release|Any CPU = Release|Any CPU
	EndGlobalSection
	GlobalSection(ProjectConfigurationPlatforms) = postSolution
		{B826A7F8-B555-D7AE-B159-CF5D45524F23}.Debug|Any CPU.ActiveCfg = Debug|Any CPU
		{B826A7F8-B555-D7AE-B159-CF5D45524F23}.Debug|Any CPU.Build.0 = Debug|Any CPU
		{B826A7F8-B555-D7AE-B159-CF5D45524F23}.Release|Any CPU.ActiveCfg = Release|Any CPU
		{B826A7F8-B555-D7AE-B159-CF5D45524F23}.Release|Any CPU.Build.0 = Release|Any CPU
		{2B58FA92-5E15-E2F0-E016-5BE6F3B51FC0}.Debug|Any CPU.ActiveCfg = Debug|Any CPU
		{2B58FA92-5E15-E2F0-E016-5BE6F3B51FC0}.Debug|Any CPU.Build.0 = Debug|Any CPU
		{2B58FA92-5E15-E2F0-E016-5BE6F3B51FC0}.Release|Any CPU.ActiveCfg = Release|Any CPU
		{2B58FA92-5E15-E2F0-E016-5BE6F3B51FC0}.Release|Any CPU.Build.0 = Release|Any CPU
	EndGlobalSection
	GlobalSection(SolutionProperties) = preSolution
		HideSolutionNode = FALSE
	EndGlobalSection
EndGlobal
